
Microsoft Visual Studio Solution File, Format Version 12.00
# Visual Studio Version 17
VisualStudioVersion = 17.11.35312.102
MinimumVisualStudioVersion = 10.0.40219.1
Project("{FAE04EC0-301F-11D3-BF4B-00C04F79EFBC}") = "ConsoleApp0109", "ConsoleApp0109.csproj", "{06DB1C49-7ADB-4D93-A460-645DDBFEB9F5}"
EndProject
Global
	GlobalSection(SolutionConfigurationPlatforms) = preSolution
		Debug|Any CPU = Debug|Any CPU
		Release|Any CPU = Release|Any CPU
	EndGlobalSection
	GlobalSection(ProjectConfigurationPlatforms) = postSolution
		{06DB1C49-7ADB-4D93-A460-645DDBFEB9F5}.Debug|Any CPU.ActiveCfg = Debug|Any CPU
		{06DB1C49-7ADB-4D93-A460-645DDBFEB9F5}.Debug|Any CPU.Build.0 = Debug|Any CPU
		{06DB1C49-7ADB-4D93-A460-645DDBFEB9F5}.Release|Any CPU.ActiveCfg = Release|Any CPU
		{06DB1C49-7ADB-4D93-A460-645DDBFEB9F5}.Release|Any CPU.Build.0 = Release|Any CPU
	EndGlobalSection
	GlobalSection(SolutionProperties) = preSolution
		HideSolutionNode = FALSE
	EndGlobalSection
	GlobalSection(ExtensibilityGlobals) = postSolution
		SolutionGuid = {F2B4791F-C93C-4F49-ABB2-C31D9FF69598}
	EndGlobalSection
EndGlobal
