
Microsoft Visual Studio Solution File, Format Version 12.00
# Visual Studio Version 17
VisualStudioVersion = 17.11.35312.102
MinimumVisualStudioVersion = 10.0.40219.1
Project("{FAE04EC0-301F-11D3-BF4B-00C04F79EFBC}") = "ConsoleApp4", "ConsoleApp4.csproj", "{C8AACD98-6912-4DC1-97C5-F5738D9A17EB}"
EndProject
Global
	GlobalSection(SolutionConfigurationPlatforms) = preSolution
		Debug|Any CPU = Debug|Any CPU
		Release|Any CPU = Release|Any CPU
	EndGlobalSection
	GlobalSection(ProjectConfigurationPlatforms) = postSolution
		{C8AACD98-6912-4DC1-97C5-F5738D9A17EB}.Debug|Any CPU.ActiveCfg = Debug|Any CPU
		{C8AACD98-6912-4DC1-97C5-F5738D9A17EB}.Debug|Any CPU.Build.0 = Debug|Any CPU
		{C8AACD98-6912-4DC1-97C5-F5738D9A17EB}.Release|Any CPU.ActiveCfg = Release|Any CPU
		{C8AACD98-6912-4DC1-97C5-F5738D9A17EB}.Release|Any CPU.Build.0 = Release|Any CPU
	EndGlobalSection
	GlobalSection(SolutionProperties) = preSolution
		HideSolutionNode = FALSE
	EndGlobalSection
	GlobalSection(ExtensibilityGlobals) = postSolution
		SolutionGuid = {7634345A-A06F-4FD2-A8C2-B0B411B025D3}
	EndGlobalSection
EndGlobal
